
Microsoft Visual Studio Solution File, Format Version 12.00
# Visual Studio Version 17
VisualStudioVersion = 17.11.35222.181
MinimumVisualStudioVersion = 10.0.40219.1
Project("{FAE04EC0-301F-11D3-BF4B-00C04F79EFBC}") = "CalculatorWebAPI", "CalculatorWebAPI.csproj", "{FB3FFF5A-294D-4B55-8BD0-607D86A5188C}"
EndProject
Global
	GlobalSection(SolutionConfigurationPlatforms) = preSolution
		Debug|Any CPU = Debug|Any CPU
		Release|Any CPU = Release|Any CPU
	EndGlobalSection
	GlobalSection(ProjectConfigurationPlatforms) = postSolution
		{FB3FFF5A-294D-4B55-8BD0-607D86A5188C}.Debug|Any CPU.ActiveCfg = Debug|Any CPU
		{FB3FFF5A-294D-4B55-8BD0-607D86A5188C}.Debug|Any CPU.Build.0 = Debug|Any CPU
		{FB3FFF5A-294D-4B55-8BD0-607D86A5188C}.Release|Any CPU.ActiveCfg = Release|Any CPU
		{FB3FFF5A-294D-4B55-8BD0-607D86A5188C}.Release|Any CPU.Build.0 = Release|Any CPU
	EndGlobalSection
	GlobalSection(SolutionProperties) = preSolution
		HideSolutionNode = FALSE
	EndGlobalSection
	GlobalSection(ExtensibilityGlobals) = postSolution
		SolutionGuid = {92158B28-AB0B-4FEA-9FEA-D8871E60298E}
	EndGlobalSection
EndGlobal
